
Microsoft Visual Studio Solution File, Format Version 12.00
# Visual Studio Version 17
VisualStudioVersion = 17.0.31903.59
MinimumVisualStudioVersion = 10.0.40219.1
Project("{9A19103F-16F7-4668-BE54-9A1E7A4F7556}") = "maze-runner", "maze-runner\maze-runner.csproj", "{05498A5B-AA72-4B56-8E27-8049F8977C85}"
EndProject
Project("{FAE04EC0-301F-11D3-BF4B-00C04F79EFBC}") = "maze-runner.game", "maze-runner.game\maze-runner.game.csproj", "{2A804863-D7CE-42A0-8A66-CAFAB6179F66}"
EndProject
Global
	GlobalSection(SolutionConfigurationPlatforms) = preSolution
		Debug|Any CPU = Debug|Any CPU
		Release|Any CPU = Release|Any CPU
	EndGlobalSection
	GlobalSection(ProjectConfigurationPlatforms) = postSolution
		{05498A5B-AA72-4B56-8E27-8049F8977C85}.Debug|Any CPU.ActiveCfg = Debug|Any CPU
		{05498A5B-AA72-4B56-8E27-8049F8977C85}.Debug|Any CPU.Build.0 = Debug|Any CPU
		{05498A5B-AA72-4B56-8E27-8049F8977C85}.Release|Any CPU.ActiveCfg = Release|Any CPU
		{05498A5B-AA72-4B56-8E27-8049F8977C85}.Release|Any CPU.Build.0 = Release|Any CPU
		{2A804863-D7CE-42A0-8A66-CAFAB6179F66}.Debug|Any CPU.ActiveCfg = Debug|Any CPU
		{2A804863-D7CE-42A0-8A66-CAFAB6179F66}.Debug|Any CPU.Build.0 = Debug|Any CPU
		{2A804863-D7CE-42A0-8A66-CAFAB6179F66}.Release|Any CPU.ActiveCfg = Release|Any CPU
		{2A804863-D7CE-42A0-8A66-CAFAB6179F66}.Release|Any CPU.Build.0 = Release|Any CPU
	EndGlobalSection
	GlobalSection(SolutionProperties) = preSolution
		HideSolutionNode = FALSE
	EndGlobalSection
	GlobalSection(ExtensibilityGlobals) = postSolution
		SolutionGuid = {31DCBBA7-8140-406C-84B9-1A637253026A}
	EndGlobalSection
EndGlobal
